
Microsoft Visual Studio Solution File, Format Version 12.00
# Visual Studio Version 17
VisualStudioVersion = 17.5.33516.290
MinimumVisualStudioVersion = 10.0.40219.1
Project("{FAE04EC0-301F-11D3-BF4B-00C04F79EFBC}") = "Laba_5", "Laba_5.csproj", "{AE90D48A-6FDC-47B8-97E0-9209BEA67634}"
EndProject
Global
	GlobalSection(SolutionConfigurationPlatforms) = preSolution
		Debug|Any CPU = Debug|Any CPU
		Release|Any CPU = Release|Any CPU
	EndGlobalSection
	GlobalSection(ProjectConfigurationPlatforms) = postSolution
		{AE90D48A-6FDC-47B8-97E0-9209BEA67634}.Debug|Any CPU.ActiveCfg = Debug|Any CPU
		{AE90D48A-6FDC-47B8-97E0-9209BEA67634}.Debug|Any CPU.Build.0 = Debug|Any CPU
		{AE90D48A-6FDC-47B8-97E0-9209BEA67634}.Release|Any CPU.ActiveCfg = Release|Any CPU
		{AE90D48A-6FDC-47B8-97E0-9209BEA67634}.Release|Any CPU.Build.0 = Release|Any CPU
	EndGlobalSection
	GlobalSection(SolutionProperties) = preSolution
		HideSolutionNode = FALSE
	EndGlobalSection
	GlobalSection(ExtensibilityGlobals) = postSolution
		SolutionGuid = {6BA03FC8-21E1-45F5-AD68-73C1B14FB0C2}
	EndGlobalSection
EndGlobal
